// !$*UTF8*$!
{
	archiveVersion = 1;
	classes = {
	};
	objectVersion = 46;
	objects = {

/* Begin PBXBuildFile section */
		D399CECA16F98437005256A6 /* QuartzCore.framework in Frameworks */ = {isa = PBXBuildFile; fileRef = D399CEC916F98437005256A6 /* QuartzCore.framework */; };
		D39E038A16F96C0C00EDDB07 /* UIKit.framework in Frameworks */ = {isa = PBXBuildFile; fileRef = D39E038916F96C0C00EDDB07 /* UIKit.framework */; };
		D39E038C16F96C0C00EDDB07 /* Foundation.framework in Frameworks */ = {isa = PBXBuildFile; fileRef = D39E038B16F96C0C00EDDB07 /* Foundation.framework */; };
		D39E038E16F96C0C00EDDB07 /* CoreGraphics.framework in Frameworks */ = {isa = PBXBuildFile; fileRef = D39E038D16F96C0C00EDDB07 /* CoreGraphics.framework */; };
		D39E039416F96C0C00EDDB07 /* InfoPlist.strings in Resources */ = {isa = PBXBuildFile; fileRef = D39E039216F96C0C00EDDB07 /* InfoPlist.strings */; };
		D39E039616F96C0C00EDDB07 /* main.m in Sources */ = {isa = PBXBuildFile; fileRef = D39E039516F96C0C00EDDB07 /* main.m */; };
		D39E039A16F96C0C00EDDB07 /* thiAppDelegate.m in Sources */ = {isa = PBXBuildFile; fileRef = D39E039916F96C0C00EDDB07 /* thiAppDelegate.m */; };
		D39E039C16F96C0C00EDDB07 /* Default.png in Resources */ = {isa = PBXBuildFile; fileRef = D39E039B16F96C0C00EDDB07 /* Default.png */; };
		D39E039E16F96C0C00EDDB07 /* Default@2x.png in Resources */ = {isa = PBXBuildFile; fileRef = D39E039D16F96C0C00EDDB07 /* Default@2x.png */; };
		D39E03A016F96C0C00EDDB07 /* Default-568h@2x.png in Resources */ = {isa = PBXBuildFile; fileRef = D39E039F16F96C0C00EDDB07 /* Default-568h@2x.png */; };
		D39E03A816F96C3C00EDDB07 /* thiContainerViewController.m in Sources */ = {isa = PBXBuildFile; fileRef = D39E03A716F96C3C00EDDB07 /* thiContainerViewController.m */; };
		D39E03AB16F96D0500EDDB07 /* thiContentViewController.m in Sources */ = {isa = PBXBuildFile; fileRef = D39E03AA16F96D0500EDDB07 /* thiContentViewController.m */; };
		D3CC96DB1703ED1B002735E0 /* thiBaseContentViewController.m in Sources */ = {isa = PBXBuildFile; fileRef = D3CC96DA1703ED1B002735E0 /* thiBaseContentViewController.m */; };
/* End PBXBuildFile section */

/* Begin PBXFileReference section */
		D399CEC816F971B8005256A6 /* thiContainerViewControllerDelegate.h */ = {isa = PBXFileReference; lastKnownFileType = sourcecode.c.h; path = thiContainerViewControllerDelegate.h; sourceTree = "<group>"; };
		D399CEC916F98437005256A6 /* QuartzCore.framework */ = {isa = PBXFileReference; lastKnownFileType = wrapper.framework; name = QuartzCore.framework; path = System/Library/Frameworks/QuartzCore.framework; sourceTree = SDKROOT; };
		D39E038616F96C0C00EDDB07 /* thiContainerViewController.app */ = {isa = PBXFileReference; explicitFileType = wrapper.application; includeInIndex = 0; path = thiContainerViewController.app; sourceTree = BUILT_PRODUCTS_DIR; };
		D39E038916F96C0C00EDDB07 /* UIKit.framework */ = {isa = PBXFileReference; lastKnownFileType = wrapper.framework; name = UIKit.framework; path = System/Library/Frameworks/UIKit.framework; sourceTree = SDKROOT; };
		D39E038B16F96C0C00EDDB07 /* Foundation.framework */ = {isa = PBXFileReference; lastKnownFileType = wrapper.framework; name = Foundation.framework; path = System/Library/Frameworks/Foundation.framework; sourceTree = SDKROOT; };
		D39E038D16F96C0C00EDDB07 /* CoreGraphics.framework */ = {isa = PBXFileReference; lastKnownFileType = wrapper.framework; name = CoreGraphics.framework; path = System/Library/Frameworks/CoreGraphics.framework; sourceTree = SDKROOT; };
		D39E039116F96C0C00EDDB07 /* thiContainerViewController-Info.plist */ = {isa = PBXFileReference; lastKnownFileType = text.plist.xml; path = "thiContainerViewController-Info.plist"; sourceTree = "<group>"; };
		D39E039316F96C0C00EDDB07 /* en */ = {isa = PBXFileReference; lastKnownFileType = text.plist.strings; name = en; path = en.lproj/InfoPlist.strings; sourceTree = "<group>"; };
		D39E039516F96C0C00EDDB07 /* main.m */ = {isa = PBXFileReference; lastKnownFileType = sourcecode.c.objc; path = main.m; sourceTree = "<group>"; };
		D39E039716F96C0C00EDDB07 /* thiContainerViewController-Prefix.pch */ = {isa = PBXFileReference; lastKnownFileType = sourcecode.c.h; path = "thiContainerViewController-Prefix.pch"; sourceTree = "<group>"; };
		D39E039816F96C0C00EDDB07 /* thiAppDelegate.h */ = {isa = PBXFileReference; lastKnownFileType = sourcecode.c.h; path = thiAppDelegate.h; sourceTree = "<group>"; };
		D39E039916F96C0C00EDDB07 /* thiAppDelegate.m */ = {isa = PBXFileReference; lastKnownFileType = sourcecode.c.objc; path = thiAppDelegate.m; sourceTree = "<group>"; };
		D39E039B16F96C0C00EDDB07 /* Default.png */ = {isa = PBXFileReference; lastKnownFileType = image.png; path = Default.png; sourceTree = "<group>"; };
		D39E039D16F96C0C00EDDB07 /* Default@2x.png */ = {isa = PBXFileReference; lastKnownFileType = image.png; path = "Default@2x.png"; sourceTree = "<group>"; };
		D39E039F16F96C0C00EDDB07 /* Default-568h@2x.png */ = {isa = PBXFileReference; lastKnownFileType = image.png; path = "Default-568h@2x.png"; sourceTree = "<group>"; };
		D39E03A616F96C3C00EDDB07 /* thiContainerViewController.h */ = {isa = PBXFileReference; fileEncoding = 4; lastKnownFileType = sourcecode.c.h; path = thiContainerViewController.h; sourceTree = "<group>"; };
		D39E03A716F96C3C00EDDB07 /* thiContainerViewController.m */ = {isa = PBXFileReference; fileEncoding = 4; lastKnownFileType = sourcecode.c.objc; path = thiContainerViewController.m; sourceTree = "<group>"; };
		D39E03A916F96D0500EDDB07 /* thiContentViewController.h */ = {isa = PBXFileReference; fileEncoding = 4; lastKnownFileType = sourcecode.c.h; path = thiContentViewController.h; sourceTree = "<group>"; };
		D39E03AA16F96D0500EDDB07 /* thiContentViewController.m */ = {isa = PBXFileReference; fileEncoding = 4; lastKnownFileType = sourcecode.c.objc; path = thiContentViewController.m; sourceTree = "<group>"; };
		D3CC96D91703ED1B002735E0 /* thiBaseContentViewController.h */ = {isa = PBXFileReference; fileEncoding = 4; lastKnownFileType = sourcecode.c.h; name = thiBaseContentViewController.h; path = ../thiBaseContentViewController.h; sourceTree = "<group>"; };
		D3CC96DA1703ED1B002735E0 /* thiBaseContentViewController.m */ = {isa = PBXFileReference; fileEncoding = 4; lastKnownFileType = sourcecode.c.objc; name = thiBaseContentViewController.m; path = ../thiBaseContentViewController.m; sourceTree = "<group>"; };
/* End PBXFileReference section */

/* Begin PBXFrameworksBuildPhase section */
		D39E038316F96C0C00EDDB07 /* Frameworks */ = {
			isa = PBXFrameworksBuildPhase;
			buildActionMask = 2147483647;
			files = (
				D399CECA16F98437005256A6 /* QuartzCore.framework in Frameworks */,
				D39E038A16F96C0C00EDDB07 /* UIKit.framework in Frameworks */,
				D39E038C16F96C0C00EDDB07 /* Foundation.framework in Frameworks */,
				D39E038E16F96C0C00EDDB07 /* CoreGraphics.framework in Frameworks */,
			);
			runOnlyForDeploymentPostprocessing = 0;
		};
/* End PBXFrameworksBuildPhase section */

/* Begin PBXGroup section */
		D39E037D16F96C0C00EDDB07 = {
			isa = PBXGroup;
			children = (
				D399CEC916F98437005256A6 /* QuartzCore.framework */,
				D39E038F16F96C0C00EDDB07 /* thiContainerViewController */,
				D39E038816F96C0C00EDDB07 /* Frameworks */,
				D39E038716F96C0C00EDDB07 /* Products */,
			);
			sourceTree = "<group>";
		};
		D39E038716F96C0C00EDDB07 /* Products */ = {
			isa = PBXGroup;
			children = (
				D39E038616F96C0C00EDDB07 /* thiContainerViewController.app */,
			);
			name = Products;
			sourceTree = "<group>";
		};
		D39E038816F96C0C00EDDB07 /* Frameworks */ = {
			isa = PBXGroup;
			children = (
				D39E038916F96C0C00EDDB07 /* UIKit.framework */,
				D39E038B16F96C0C00EDDB07 /* Foundation.framework */,
				D39E038D16F96C0C00EDDB07 /* CoreGraphics.framework */,
			);
			name = Frameworks;
			sourceTree = "<group>";
		};
		D39E038F16F96C0C00EDDB07 /* thiContainerViewController */ = {
			isa = PBXGroup;
			children = (
				D39E039816F96C0C00EDDB07 /* thiAppDelegate.h */,
				D39E039916F96C0C00EDDB07 /* thiAppDelegate.m */,
				D399CEC816F971B8005256A6 /* thiContainerViewControllerDelegate.h */,
				D39E03A616F96C3C00EDDB07 /* thiContainerViewController.h */,
				D39E03A716F96C3C00EDDB07 /* thiContainerViewController.m */,
				D3CC96D91703ED1B002735E0 /* thiBaseContentViewController.h */,
				D3CC96DA1703ED1B002735E0 /* thiBaseContentViewController.m */,
				D39E03A916F96D0500EDDB07 /* thiContentViewController.h */,
				D39E03AA16F96D0500EDDB07 /* thiContentViewController.m */,
				D39E039016F96C0C00EDDB07 /* Supporting Files */,
			);
			path = thiContainerViewController;
			sourceTree = "<group>";
		};
		D39E039016F96C0C00EDDB07 /* Supporting Files */ = {
			isa = PBXGroup;
			children = (
				D39E039116F96C0C00EDDB07 /* thiContainerViewController-Info.plist */,
				D39E039216F96C0C00EDDB07 /* InfoPlist.strings */,
				D39E039516F96C0C00EDDB07 /* main.m */,
				D39E039716F96C0C00EDDB07 /* thiContainerViewController-Prefix.pch */,
				D39E039B16F96C0C00EDDB07 /* Default.png */,
				D39E039D16F96C0C00EDDB07 /* Default@2x.png */,
				D39E039F16F96C0C00EDDB07 /* Default-568h@2x.png */,
			);
			name = "Supporting Files";
			sourceTree = "<group>";
		};
/* End PBXGroup section */

/* Begin PBXNativeTarget section */
		D39E038516F96C0C00EDDB07 /* thiContainerViewController */ = {
			isa = PBXNativeTarget;
			buildConfigurationList = D39E03A316F96C0C00EDDB07 /* Build configuration list for PBXNativeTarget "thiContainerViewController" */;
			buildPhases = (
				D39E038216F96C0C00EDDB07 /* Sources */,
				D39E038316F96C0C00EDDB07 /* Frameworks */,
				D39E038416F96C0C00EDDB07 /* Resources */,
			);
			buildRules = (
			);
			dependencies = (
			);
			name = thiContainerViewController;
			productName = thiContainerViewController;
			productReference = D39E038616F96C0C00EDDB07 /* thiContainerViewController.app */;
			productType = "com.apple.product-type.application";
		};
/* End PBXNativeTarget section */

/* Begin PBXProject section */
		D39E037E16F96C0C00EDDB07 /* Project object */ = {
			isa = PBXProject;
			attributes = {
				CLASSPREFIX = thi;
				LastUpgradeCheck = 0460;
				ORGANIZATIONNAME = thi;
			};
			buildConfigurationList = D39E038116F96C0C00EDDB07 /* Build configuration list for PBXProject "thiContainerViewController" */;
			compatibilityVersion = "Xcode 3.2";
			developmentRegion = English;
			hasScannedForEncodings = 0;
			knownRegions = (
				en,
			);
			mainGroup = D39E037D16F96C0C00EDDB07;
			productRefGroup = D39E038716F96C0C00EDDB07 /* Products */;
			projectDirPath = "";
			projectRoot = "";
			targets = (
				D39E038516F96C0C00EDDB07 /* thiContainerViewController */,
			);
		};
/* End PBXProject section */

/* Begin PBXResourcesBuildPhase section */
		D39E038416F96C0C00EDDB07 /* Resources */ = {
			isa = PBXResourcesBuildPhase;
			buildActionMask = 2147483647;
			files = (
				D39E039416F96C0C00EDDB07 /* InfoPlist.strings in Resources */,
				D39E039C16F96C0C00EDDB07 /* Default.png in Resources */,
				D39E039E16F96C0C00EDDB07 /* Default@2x.png in Resources */,
				D39E03A016F96C0C00EDDB07 /* Default-568h@2x.png in Resources */,
			);
			runOnlyForDeploymentPostprocessing = 0;
		};
/* End PBXResourcesBuildPhase section */

/* Begin PBXSourcesBuildPhase section */
		D39E038216F96C0C00EDDB07 /* Sources */ = {
			isa = PBXSourcesBuildPhase;
			buildActionMask = 2147483647;
			files = (
				D39E039616F96C0C00EDDB07 /* main.m in Sources */,
				D39E039A16F96C0C00EDDB07 /* thiAppDelegate.m in Sources */,
				D39E03A816F96C3C00EDDB07 /* thiContainerViewController.m in Sources */,
				D39E03AB16F96D0500EDDB07 /* thiContentViewController.m in Sources */,
				D3CC96DB1703ED1B002735E0 /* thiBaseContentViewController.m in Sources */,
			);
			runOnlyForDeploymentPostprocessing = 0;
		};
/* End PBXSourcesBuildPhase section */

/* Begin PBXVariantGroup section */
		D39E039216F96C0C00EDDB07 /* InfoPlist.strings */ = {
			isa = PBXVariantGroup;
			children = (
				D39E039316F96C0C00EDDB07 /* en */,
			);
			name = InfoPlist.strings;
			sourceTree = "<group>";
		};
/* End PBXVariantGroup section */

/* Begin XCBuildConfiguration section */
		D39E03A116F96C0C00EDDB07 /* Debug */ = {
			isa = XCBuildConfiguration;
			buildSettings = {
				ALWAYS_SEARCH_USER_PATHS = NO;
				CLANG_CXX_LANGUAGE_STANDARD = "gnu++0x";
				CLANG_CXX_LIBRARY = "libc++";
				CLANG_WARN_CONSTANT_CONVERSION = YES;
				CLANG_WARN_EMPTY_BODY = YES;
				CLANG_WARN_ENUM_CONVERSION = YES;
				CLANG_WARN_INT_CONVERSION = YES;
				CLANG_WARN__DUPLICATE_METHOD_MATCH = YES;
				"CODE_SIGN_IDENTITY[sdk=iphoneos*]" = "iPhone Developer";
				COPY_PHASE_STRIP = NO;
				GCC_C_LANGUAGE_STANDARD = gnu99;
				GCC_DYNAMIC_NO_PIC = NO;
				GCC_OPTIMIZATION_LEVEL = 0;
				GCC_PREPROCESSOR_DEFINITIONS = (
					"DEBUG=1",
					"$(inherited)",
				);
				GCC_SYMBOLS_PRIVATE_EXTERN = NO;
				GCC_WARN_ABOUT_RETURN_TYPE = YES;
				GCC_WARN_UNINITIALIZED_AUTOS = YES;
				GCC_WARN_UNUSED_VARIABLE = YES;
				IPHONEOS_DEPLOYMENT_TARGET = 6.1;
				ONLY_ACTIVE_ARCH = YES;
				SDKROOT = iphoneos;
			};
			name = Debug;
		};
		D39E03A216F96C0C00EDDB07 /* Release */ = {
			isa = XCBuildConfiguration;
			buildSettings = {
				ALWAYS_SEARCH_USER_PATHS = NO;
				CLANG_CXX_LANGUAGE_STANDARD = "gnu++0x";
				CLANG_CXX_LIBRARY = "libc++";
				CLANG_WARN_CONSTANT_CONVERSION = YES;
				CLANG_WARN_EMPTY_BODY = YES;
				CLANG_WARN_ENUM_CONVERSION = YES;
				CLANG_WARN_INT_CONVERSION = YES;
				CLANG_WARN__DUPLICATE_METHOD_MATCH = YES;
				"CODE_SIGN_IDENTITY[sdk=iphoneos*]" = "iPhone Developer";
				COPY_PHASE_STRIP = YES;
				GCC_C_LANGUAGE_STANDARD = gnu99;
				GCC_WARN_ABOUT_RETURN_TYPE = YES;
				GCC_WARN_UNINITIALIZED_AUTOS = YES;
				GCC_WARN_UNUSED_VARIABLE = YES;
				IPHONEOS_DEPLOYMENT_TARGET = 6.1;
				OTHER_CFLAGS = "-DNS_BLOCK_ASSERTIONS=1";
				SDKROOT = iphoneos;
				VALIDATE_PRODUCT = YES;
			};
			name = Release;
		};
		D39E03A416F96C0C00EDDB07 /* Debug */ = {
			isa = XCBuildConfiguration;
			buildSettings = {
				GCC_PRECOMPILE_PREFIX_HEADER = YES;
				GCC_PREFIX_HEADER = "thiContainerViewController/thiContainerViewController-Prefix.pch";
				INFOPLIST_FILE = "thiContainerViewController/thiContainerViewController-Info.plist";
				PRODUCT_NAME = "$(TARGET_NAME)";
				WRAPPER_EXTENSION = app;
			};
			name = Debug;
		};
		D39E03A516F96C0C00EDDB07 /* Release */ = {
			isa = XCBuildConfiguration;
			buildSettings = {
				GCC_PRECOMPILE_PREFIX_HEADER = YES;
				GCC_PREFIX_HEADER = "thiContainerViewController/thiContainerViewController-Prefix.pch";
				INFOPLIST_FILE = "thiContainerViewController/thiContainerViewController-Info.plist";
				PRODUCT_NAME = "$(TARGET_NAME)";
				WRAPPER_EXTENSION = app;
			};
			name = Release;
		};
/* End XCBuildConfiguration section */

/* Begin XCConfigurationList section */
		D39E038116F96C0C00EDDB07 /* Build configuration list for PBXProject "thiContainerViewController" */ = {
			isa = XCConfigurationList;
			buildConfigurations = (
				D39E03A116F96C0C00EDDB07 /* Debug */,
				D39E03A216F96C0C00EDDB07 /* Release */,
			);
			defaultConfigurationIsVisible = 0;
			defaultConfigurationName = Release;
		};
		D39E03A316F96C0C00EDDB07 /* Build configuration list for PBXNativeTarget "thiContainerViewController" */ = {
			isa = XCConfigurationList;
			buildConfigurations = (
				D39E03A416F96C0C00EDDB07 /* Debug */,
				D39E03A516F96C0C00EDDB07 /* Release */,
			);
			defaultConfigurationIsVisible = 0;
			defaultConfigurationName = Release;
		};
/* End XCConfigurationList section */
	};
	rootObject = D39E037E16F96C0C00EDDB07 /* Project object */;
}
